
Microsoft Visual Studio Solution File, Format Version 12.00
# Visual Studio Version 17
VisualStudioVersion = 17.4.33205.214
MinimumVisualStudioVersion = 10.0.40219.1
Project("{FAE04EC0-301F-11D3-BF4B-00C04F79EFBC}") = "APIMangas", "APIMangas\APIMangas.csproj", "{80074622-8943-4562-BECC-A99997352229}"
EndProject
Global
	GlobalSection(SolutionConfigurationPlatforms) = preSolution
		Debug|Any CPU = Debug|Any CPU
		Release|Any CPU = Release|Any CPU
	EndGlobalSection
	GlobalSection(ProjectConfigurationPlatforms) = postSolution
		{80074622-8943-4562-BECC-A99997352229}.Debug|Any CPU.ActiveCfg = Debug|Any CPU
		{80074622-8943-4562-BECC-A99997352229}.Debug|Any CPU.Build.0 = Debug|Any CPU
		{80074622-8943-4562-BECC-A99997352229}.Release|Any CPU.ActiveCfg = Release|Any CPU
		{80074622-8943-4562-BECC-A99997352229}.Release|Any CPU.Build.0 = Release|Any CPU
	EndGlobalSection
	GlobalSection(SolutionProperties) = preSolution
		HideSolutionNode = FALSE
	EndGlobalSection
	GlobalSection(ExtensibilityGlobals) = postSolution
		SolutionGuid = {ECB59213-94DB-495C-8CD1-A69DFE184A99}
	EndGlobalSection
EndGlobal
